
Microsoft Visual Studio Solution File, Format Version 12.00
# Visual Studio Version 16
VisualStudioVersion = 16.0.30907.101
MinimumVisualStudioVersion = 10.0.40219.1
Project("{FAE04EC0-301F-11D3-BF4B-00C04F79EFBC}") = "Main", "Main\Main.csproj", "{9DB6BE63-5F06-455E-8C64-B719A767FA55}"
EndProject
Global
	GlobalSection(SolutionConfigurationPlatforms) = preSolution
		Debug|Any CPU = Debug|Any CPU
		Release|Any CPU = Release|Any CPU
	EndGlobalSection
	GlobalSection(ProjectConfigurationPlatforms) = postSolution
		{9DB6BE63-5F06-455E-8C64-B719A767FA55}.Debug|Any CPU.ActiveCfg = Debug|Any CPU
		{9DB6BE63-5F06-455E-8C64-B719A767FA55}.Debug|Any CPU.Build.0 = Debug|Any CPU
		{9DB6BE63-5F06-455E-8C64-B719A767FA55}.Release|Any CPU.ActiveCfg = Release|Any CPU
		{9DB6BE63-5F06-455E-8C64-B719A767FA55}.Release|Any CPU.Build.0 = Release|Any CPU
	EndGlobalSection
	GlobalSection(SolutionProperties) = preSolution
		HideSolutionNode = FALSE
	EndGlobalSection
	GlobalSection(ExtensibilityGlobals) = postSolution
		SolutionGuid = {5222558F-99D1-4F27-9627-F4B7B12FBDE4}
	EndGlobalSection
EndGlobal
